// !$*UTF8*$!
{
	archiveVersion = 1;
	classes = {
	};
	objectVersion = 56;
	objects = {

/* Begin PBXBuildFile section */
		99311E0F2B74047800F771AD /* Network_Layer_ExampleApp.swift in Sources */ = {isa = PBXBuildFile; fileRef = 99311E0E2B74047800F771AD /* Network_Layer_ExampleApp.swift */; };
		99311E112B74047800F771AD /* ProductsView.swift in Sources */ = {isa = PBXBuildFile; fileRef = 99311E102B74047800F771AD /* ProductsView.swift */; };
		99311E132B74047900F771AD /* Assets.xcassets in Resources */ = {isa = PBXBuildFile; fileRef = 99311E122B74047900F771AD /* Assets.xcassets */; };
		99311E162B74047900F771AD /* Preview Assets.xcassets in Resources */ = {isa = PBXBuildFile; fileRef = 99311E152B74047900F771AD /* Preview Assets.xcassets */; };
		99311E1D2B74055F00F771AD /* Products.json in Sources */ = {isa = PBXBuildFile; fileRef = 99311E1C2B74055F00F771AD /* Products.json */; };
		99311E222B7416FB00F771AD /* Product.swift in Sources */ = {isa = PBXBuildFile; fileRef = 99311E212B7416FB00F771AD /* Product.swift */; };
		99311E242B74176F00F771AD /* Category.swift in Sources */ = {isa = PBXBuildFile; fileRef = 99311E232B74176F00F771AD /* Category.swift */; };
		99311E262B74178500F771AD /* ProductViewModel.swift in Sources */ = {isa = PBXBuildFile; fileRef = 99311E252B74178500F771AD /* ProductViewModel.swift */; };
		99311E292B7419AE00F771AD /* APIError.swift in Sources */ = {isa = PBXBuildFile; fileRef = 99311E282B7419AE00F771AD /* APIError.swift */; };
		99311E2C2B741B5600F771AD /* APIService.swift in Sources */ = {isa = PBXBuildFile; fileRef = 99311E2B2B741B5600F771AD /* APIService.swift */; };
		99311E2E2B741BE000F771AD /* APIClient.swift in Sources */ = {isa = PBXBuildFile; fileRef = 99311E2D2B741BE000F771AD /* APIClient.swift */; };
		99311E312B741C5E00F771AD /* Environment.swift in Sources */ = {isa = PBXBuildFile; fileRef = 99311E302B741C5E00F771AD /* Environment.swift */; };
		99311E332B7420D400F771AD /* APIPreviewClient.swift in Sources */ = {isa = PBXBuildFile; fileRef = 99311E322B7420D400F771AD /* APIPreviewClient.swift */; };
		99311E362B74224300F771AD /* APIEndpoint.swift in Sources */ = {isa = PBXBuildFile; fileRef = 99311E352B74224300F771AD /* APIEndpoint.swift */; };
		99311E382B74233100F771AD /* TypeAliases.swift in Sources */ = {isa = PBXBuildFile; fileRef = 99311E372B74233100F771AD /* TypeAliases.swift */; };
		99311E3A2B74241F00F771AD /* HTTPMethods.swift in Sources */ = {isa = PBXBuildFile; fileRef = 99311E392B74241F00F771AD /* HTTPMethods.swift */; };
		99311E3C2B742A7500F771AD /* ProductPage.swift in Sources */ = {isa = PBXBuildFile; fileRef = 99311E3B2B742A7500F771AD /* ProductPage.swift */; };
		99311E3E2B742A9D00F771AD /* ProductCardView.swift in Sources */ = {isa = PBXBuildFile; fileRef = 99311E3D2B742A9D00F771AD /* ProductCardView.swift */; };
		99311E3F2B742C3000F771AD /* Products.json in Resources */ = {isa = PBXBuildFile; fileRef = 99311E1C2B74055F00F771AD /* Products.json */; };
/* End PBXBuildFile section */

/* Begin PBXFileReference section */
		99311E0B2B74047800F771AD /* Network Layer Example.app */ = {isa = PBXFileReference; explicitFileType = wrapper.application; includeInIndex = 0; path = "Network Layer Example.app"; sourceTree = BUILT_PRODUCTS_DIR; };
		99311E0E2B74047800F771AD /* Network_Layer_ExampleApp.swift */ = {isa = PBXFileReference; lastKnownFileType = sourcecode.swift; path = Network_Layer_ExampleApp.swift; sourceTree = "<group>"; };
		99311E102B74047800F771AD /* ProductsView.swift */ = {isa = PBXFileReference; lastKnownFileType = sourcecode.swift; path = ProductsView.swift; sourceTree = "<group>"; };
		99311E122B74047900F771AD /* Assets.xcassets */ = {isa = PBXFileReference; lastKnownFileType = folder.assetcatalog; path = Assets.xcassets; sourceTree = "<group>"; };
		99311E152B74047900F771AD /* Preview Assets.xcassets */ = {isa = PBXFileReference; lastKnownFileType = folder.assetcatalog; path = "Preview Assets.xcassets"; sourceTree = "<group>"; };
		99311E1C2B74055F00F771AD /* Products.json */ = {isa = PBXFileReference; lastKnownFileType = text.json; path = Products.json; sourceTree = "<group>"; };
		99311E212B7416FB00F771AD /* Product.swift */ = {isa = PBXFileReference; lastKnownFileType = sourcecode.swift; path = Product.swift; sourceTree = "<group>"; };
		99311E232B74176F00F771AD /* Category.swift */ = {isa = PBXFileReference; lastKnownFileType = sourcecode.swift; path = Category.swift; sourceTree = "<group>"; };
		99311E252B74178500F771AD /* ProductViewModel.swift */ = {isa = PBXFileReference; lastKnownFileType = sourcecode.swift; path = ProductViewModel.swift; sourceTree = "<group>"; };
		99311E282B7419AE00F771AD /* APIError.swift */ = {isa = PBXFileReference; lastKnownFileType = sourcecode.swift; path = APIError.swift; sourceTree = "<group>"; };
		99311E2B2B741B5600F771AD /* APIService.swift */ = {isa = PBXFileReference; lastKnownFileType = sourcecode.swift; path = APIService.swift; sourceTree = "<group>"; };
		99311E2D2B741BE000F771AD /* APIClient.swift */ = {isa = PBXFileReference; lastKnownFileType = sourcecode.swift; path = APIClient.swift; sourceTree = "<group>"; };
		99311E302B741C5E00F771AD /* Environment.swift */ = {isa = PBXFileReference; lastKnownFileType = sourcecode.swift; path = Environment.swift; sourceTree = "<group>"; };
		99311E322B7420D400F771AD /* APIPreviewClient.swift */ = {isa = PBXFileReference; lastKnownFileType = sourcecode.swift; path = APIPreviewClient.swift; sourceTree = "<group>"; };
		99311E352B74224300F771AD /* APIEndpoint.swift */ = {isa = PBXFileReference; lastKnownFileType = sourcecode.swift; path = APIEndpoint.swift; sourceTree = "<group>"; };
		99311E372B74233100F771AD /* TypeAliases.swift */ = {isa = PBXFileReference; lastKnownFileType = sourcecode.swift; path = TypeAliases.swift; sourceTree = "<group>"; };
		99311E392B74241F00F771AD /* HTTPMethods.swift */ = {isa = PBXFileReference; lastKnownFileType = sourcecode.swift; path = HTTPMethods.swift; sourceTree = "<group>"; };
		99311E3B2B742A7500F771AD /* ProductPage.swift */ = {isa = PBXFileReference; lastKnownFileType = sourcecode.swift; path = ProductPage.swift; sourceTree = "<group>"; };
		99311E3D2B742A9D00F771AD /* ProductCardView.swift */ = {isa = PBXFileReference; lastKnownFileType = sourcecode.swift; path = ProductCardView.swift; sourceTree = "<group>"; };
/* End PBXFileReference section */

/* Begin PBXFrameworksBuildPhase section */
		99311E082B74047800F771AD /* Frameworks */ = {
			isa = PBXFrameworksBuildPhase;
			buildActionMask = 2147483647;
			files = (
			);
			runOnlyForDeploymentPostprocessing = 0;
		};
/* End PBXFrameworksBuildPhase section */

/* Begin PBXGroup section */
		99311E022B74047800F771AD = {
			isa = PBXGroup;
			children = (
				99311E0D2B74047800F771AD /* Network Layer Example */,
				99311E0C2B74047800F771AD /* Products */,
			);
			sourceTree = "<group>";
		};
		99311E0C2B74047800F771AD /* Products */ = {
			isa = PBXGroup;
			children = (
				99311E0B2B74047800F771AD /* Network Layer Example.app */,
			);
			name = Products;
			sourceTree = "<group>";
		};
		99311E0D2B74047800F771AD /* Network Layer Example */ = {
			isa = PBXGroup;
			children = (
				99311E0E2B74047800F771AD /* Network_Layer_ExampleApp.swift */,
				99311E2F2B741C4D00F771AD /* Configurations */,
				99311E272B74199900F771AD /* Network */,
				99311E202B74058000F771AD /* Models */,
				99311E1F2B74057900F771AD /* ViewModels */,
				99311E1E2B74057000F771AD /* Views */,
				99311E122B74047900F771AD /* Assets.xcassets */,
				99311E142B74047900F771AD /* Preview Content */,
			);
			path = "Network Layer Example";
			sourceTree = "<group>";
		};
		99311E142B74047900F771AD /* Preview Content */ = {
			isa = PBXGroup;
			children = (
				99311E152B74047900F771AD /* Preview Assets.xcassets */,
				99311E1C2B74055F00F771AD /* Products.json */,
			);
			path = "Preview Content";
			sourceTree = "<group>";
		};
		99311E1E2B74057000F771AD /* Views */ = {
			isa = PBXGroup;
			children = (
				99311E102B74047800F771AD /* ProductsView.swift */,
				99311E3B2B742A7500F771AD /* ProductPage.swift */,
				99311E3D2B742A9D00F771AD /* ProductCardView.swift */,
			);
			path = Views;
			sourceTree = "<group>";
		};
		99311E1F2B74057900F771AD /* ViewModels */ = {
			isa = PBXGroup;
			children = (
				99311E252B74178500F771AD /* ProductViewModel.swift */,
			);
			path = ViewModels;
			sourceTree = "<group>";
		};
		99311E202B74058000F771AD /* Models */ = {
			isa = PBXGroup;
			children = (
				99311E212B7416FB00F771AD /* Product.swift */,
				99311E232B74176F00F771AD /* Category.swift */,
			);
			path = Models;
			sourceTree = "<group>";
		};
		99311E272B74199900F771AD /* Network */ = {
			isa = PBXGroup;
			children = (
				99311E2A2B741B4700F771AD /* Protocols */,
				99311E342B74222300F771AD /* Types */,
				99311E2D2B741BE000F771AD /* APIClient.swift */,
				99311E322B7420D400F771AD /* APIPreviewClient.swift */,
			);
			path = Network;
			sourceTree = "<group>";
		};
		99311E2A2B741B4700F771AD /* Protocols */ = {
			isa = PBXGroup;
			children = (
				99311E2B2B741B5600F771AD /* APIService.swift */,
			);
			path = Protocols;
			sourceTree = "<group>";
		};
		99311E2F2B741C4D00F771AD /* Configurations */ = {
			isa = PBXGroup;
			children = (
				99311E302B741C5E00F771AD /* Environment.swift */,
				99311E372B74233100F771AD /* TypeAliases.swift */,
			);
			path = Configurations;
			sourceTree = "<group>";
		};
		99311E342B74222300F771AD /* Types */ = {
			isa = PBXGroup;
			children = (
				99311E282B7419AE00F771AD /* APIError.swift */,
				99311E352B74224300F771AD /* APIEndpoint.swift */,
				99311E392B74241F00F771AD /* HTTPMethods.swift */,
			);
			path = Types;
			sourceTree = "<group>";
		};
/* End PBXGroup section */

/* Begin PBXNativeTarget section */
		99311E0A2B74047800F771AD /* Network Layer Example */ = {
			isa = PBXNativeTarget;
			buildConfigurationList = 99311E192B74047900F771AD /* Build configuration list for PBXNativeTarget "Network Layer Example" */;
			buildPhases = (
				99311E072B74047800F771AD /* Sources */,
				99311E082B74047800F771AD /* Frameworks */,
				99311E092B74047800F771AD /* Resources */,
			);
			buildRules = (
			);
			dependencies = (
			);
			name = "Network Layer Example";
			productName = "Network Layer Example";
			productReference = 99311E0B2B74047800F771AD /* Network Layer Example.app */;
			productType = "com.apple.product-type.application";
		};
/* End PBXNativeTarget section */

/* Begin PBXProject section */
		99311E032B74047800F771AD /* Project object */ = {
			isa = PBXProject;
			attributes = {
				BuildIndependentTargetsInParallel = 1;
				LastSwiftUpdateCheck = 1520;
				LastUpgradeCheck = 1520;
				TargetAttributes = {
					99311E0A2B74047800F771AD = {
						CreatedOnToolsVersion = 15.2;
					};
				};
			};
			buildConfigurationList = 99311E062B74047800F771AD /* Build configuration list for PBXProject "Network Layer Example" */;
			compatibilityVersion = "Xcode 14.0";
			developmentRegion = en;
			hasScannedForEncodings = 0;
			knownRegions = (
				en,
				Base,
			);
			mainGroup = 99311E022B74047800F771AD;
			productRefGroup = 99311E0C2B74047800F771AD /* Products */;
			projectDirPath = "";
			projectRoot = "";
			targets = (
				99311E0A2B74047800F771AD /* Network Layer Example */,
			);
		};
/* End PBXProject section */

/* Begin PBXResourcesBuildPhase section */
		99311E092B74047800F771AD /* Resources */ = {
			isa = PBXResourcesBuildPhase;
			buildActionMask = 2147483647;
			files = (
				99311E3F2B742C3000F771AD /* Products.json in Resources */,
				99311E162B74047900F771AD /* Preview Assets.xcassets in Resources */,
				99311E132B74047900F771AD /* Assets.xcassets in Resources */,
			);
			runOnlyForDeploymentPostprocessing = 0;
		};
/* End PBXResourcesBuildPhase section */

/* Begin PBXSourcesBuildPhase section */
		99311E072B74047800F771AD /* Sources */ = {
			isa = PBXSourcesBuildPhase;
			buildActionMask = 2147483647;
			files = (
				99311E3C2B742A7500F771AD /* ProductPage.swift in Sources */,
				99311E1D2B74055F00F771AD /* Products.json in Sources */,
				99311E242B74176F00F771AD /* Category.swift in Sources */,
				99311E262B74178500F771AD /* ProductViewModel.swift in Sources */,
				99311E382B74233100F771AD /* TypeAliases.swift in Sources */,
				99311E362B74224300F771AD /* APIEndpoint.swift in Sources */,
				99311E3E2B742A9D00F771AD /* ProductCardView.swift in Sources */,
				99311E332B7420D400F771AD /* APIPreviewClient.swift in Sources */,
				99311E3A2B74241F00F771AD /* HTTPMethods.swift in Sources */,
				99311E222B7416FB00F771AD /* Product.swift in Sources */,
				99311E112B74047800F771AD /* ProductsView.swift in Sources */,
				99311E0F2B74047800F771AD /* Network_Layer_ExampleApp.swift in Sources */,
				99311E2C2B741B5600F771AD /* APIService.swift in Sources */,
				99311E292B7419AE00F771AD /* APIError.swift in Sources */,
				99311E2E2B741BE000F771AD /* APIClient.swift in Sources */,
				99311E312B741C5E00F771AD /* Environment.swift in Sources */,
			);
			runOnlyForDeploymentPostprocessing = 0;
		};
/* End PBXSourcesBuildPhase section */

/* Begin XCBuildConfiguration section */
		99311E172B74047900F771AD /* Debug */ = {
			isa = XCBuildConfiguration;
			buildSettings = {
				ALWAYS_SEARCH_USER_PATHS = NO;
				ASSETCATALOG_COMPILER_GENERATE_SWIFT_ASSET_SYMBOL_EXTENSIONS = YES;
				CLANG_ANALYZER_NONNULL = YES;
				CLANG_ANALYZER_NUMBER_OBJECT_CONVERSION = YES_AGGRESSIVE;
				CLANG_CXX_LANGUAGE_STANDARD = "gnu++20";
				CLANG_ENABLE_MODULES = YES;
				CLANG_ENABLE_OBJC_ARC = YES;
				CLANG_ENABLE_OBJC_WEAK = YES;
				CLANG_WARN_BLOCK_CAPTURE_AUTORELEASING = YES;
				CLANG_WARN_BOOL_CONVERSION = YES;
				CLANG_WARN_COMMA = YES;
				CLANG_WARN_CONSTANT_CONVERSION = YES;
				CLANG_WARN_DEPRECATED_OBJC_IMPLEMENTATIONS = YES;
				CLANG_WARN_DIRECT_OBJC_ISA_USAGE = YES_ERROR;
				CLANG_WARN_DOCUMENTATION_COMMENTS = YES;
				CLANG_WARN_EMPTY_BODY = YES;
				CLANG_WARN_ENUM_CONVERSION = YES;
				CLANG_WARN_INFINITE_RECURSION = YES;
				CLANG_WARN_INT_CONVERSION = YES;
				CLANG_WARN_NON_LITERAL_NULL_CONVERSION = YES;
				CLANG_WARN_OBJC_IMPLICIT_RETAIN_SELF = YES;
				CLANG_WARN_OBJC_LITERAL_CONVERSION = YES;
				CLANG_WARN_OBJC_ROOT_CLASS = YES_ERROR;
				CLANG_WARN_QUOTED_INCLUDE_IN_FRAMEWORK_HEADER = YES;
				CLANG_WARN_RANGE_LOOP_ANALYSIS = YES;
				CLANG_WARN_STRICT_PROTOTYPES = YES;
				CLANG_WARN_SUSPICIOUS_MOVE = YES;
				CLANG_WARN_UNGUARDED_AVAILABILITY = YES_AGGRESSIVE;
				CLANG_WARN_UNREACHABLE_CODE = YES;
				CLANG_WARN__DUPLICATE_METHOD_MATCH = YES;
				COPY_PHASE_STRIP = NO;
				DEBUG_INFORMATION_FORMAT = dwarf;
				ENABLE_STRICT_OBJC_MSGSEND = YES;
				ENABLE_TESTABILITY = YES;
				ENABLE_USER_SCRIPT_SANDBOXING = YES;
				GCC_C_LANGUAGE_STANDARD = gnu17;
				GCC_DYNAMIC_NO_PIC = NO;
				GCC_NO_COMMON_BLOCKS = YES;
				GCC_OPTIMIZATION_LEVEL = 0;
				GCC_PREPROCESSOR_DEFINITIONS = (
					"DEBUG=1",
					"$(inherited)",
				);
				GCC_WARN_64_TO_32_BIT_CONVERSION = YES;
				GCC_WARN_ABOUT_RETURN_TYPE = YES_ERROR;
				GCC_WARN_UNDECLARED_SELECTOR = YES;
				GCC_WARN_UNINITIALIZED_AUTOS = YES_AGGRESSIVE;
				GCC_WARN_UNUSED_FUNCTION = YES;
				GCC_WARN_UNUSED_VARIABLE = YES;
				IPHONEOS_DEPLOYMENT_TARGET = 17.2;
				LOCALIZATION_PREFERS_STRING_CATALOGS = YES;
				MTL_ENABLE_DEBUG_INFO = INCLUDE_SOURCE;
				MTL_FAST_MATH = YES;
				ONLY_ACTIVE_ARCH = YES;
				SDKROOT = iphoneos;
				SWIFT_ACTIVE_COMPILATION_CONDITIONS = "DEBUG $(inherited)";
				SWIFT_OPTIMIZATION_LEVEL = "-Onone";
			};
			name = Debug;
		};
		99311E182B74047900F771AD /* Release */ = {
			isa = XCBuildConfiguration;
			buildSettings = {
				ALWAYS_SEARCH_USER_PATHS = NO;
				ASSETCATALOG_COMPILER_GENERATE_SWIFT_ASSET_SYMBOL_EXTENSIONS = YES;
				CLANG_ANALYZER_NONNULL = YES;
				CLANG_ANALYZER_NUMBER_OBJECT_CONVERSION = YES_AGGRESSIVE;
				CLANG_CXX_LANGUAGE_STANDARD = "gnu++20";
				CLANG_ENABLE_MODULES = YES;
				CLANG_ENABLE_OBJC_ARC = YES;
				CLANG_ENABLE_OBJC_WEAK = YES;
				CLANG_WARN_BLOCK_CAPTURE_AUTORELEASING = YES;
				CLANG_WARN_BOOL_CONVERSION = YES;
				CLANG_WARN_COMMA = YES;
				CLANG_WARN_CONSTANT_CONVERSION = YES;
				CLANG_WARN_DEPRECATED_OBJC_IMPLEMENTATIONS = YES;
				CLANG_WARN_DIRECT_OBJC_ISA_USAGE = YES_ERROR;
				CLANG_WARN_DOCUMENTATION_COMMENTS = YES;
				CLANG_WARN_EMPTY_BODY = YES;
				CLANG_WARN_ENUM_CONVERSION = YES;
				CLANG_WARN_INFINITE_RECURSION = YES;
				CLANG_WARN_INT_CONVERSION = YES;
				CLANG_WARN_NON_LITERAL_NULL_CONVERSION = YES;
				CLANG_WARN_OBJC_IMPLICIT_RETAIN_SELF = YES;
				CLANG_WARN_OBJC_LITERAL_CONVERSION = YES;
				CLANG_WARN_OBJC_ROOT_CLASS = YES_ERROR;
				CLANG_WARN_QUOTED_INCLUDE_IN_FRAMEWORK_HEADER = YES;
				CLANG_WARN_RANGE_LOOP_ANALYSIS = YES;
				CLANG_WARN_STRICT_PROTOTYPES = YES;
				CLANG_WARN_SUSPICIOUS_MOVE = YES;
				CLANG_WARN_UNGUARDED_AVAILABILITY = YES_AGGRESSIVE;
				CLANG_WARN_UNREACHABLE_CODE = YES;
				CLANG_WARN__DUPLICATE_METHOD_MATCH = YES;
				COPY_PHASE_STRIP = NO;
				DEBUG_INFORMATION_FORMAT = "dwarf-with-dsym";
				ENABLE_NS_ASSERTIONS = NO;
				ENABLE_STRICT_OBJC_MSGSEND = YES;
				ENABLE_USER_SCRIPT_SANDBOXING = YES;
				GCC_C_LANGUAGE_STANDARD = gnu17;
				GCC_NO_COMMON_BLOCKS = YES;
				GCC_WARN_64_TO_32_BIT_CONVERSION = YES;
				GCC_WARN_ABOUT_RETURN_TYPE = YES_ERROR;
				GCC_WARN_UNDECLARED_SELECTOR = YES;
				GCC_WARN_UNINITIALIZED_AUTOS = YES_AGGRESSIVE;
				GCC_WARN_UNUSED_FUNCTION = YES;
				GCC_WARN_UNUSED_VARIABLE = YES;
				IPHONEOS_DEPLOYMENT_TARGET = 17.2;
				LOCALIZATION_PREFERS_STRING_CATALOGS = YES;
				MTL_ENABLE_DEBUG_INFO = NO;
				MTL_FAST_MATH = YES;
				SDKROOT = iphoneos;
				SWIFT_COMPILATION_MODE = wholemodule;
				VALIDATE_PRODUCT = YES;
			};
			name = Release;
		};
		99311E1A2B74047900F771AD /* Debug */ = {
			isa = XCBuildConfiguration;
			buildSettings = {
				ASSETCATALOG_COMPILER_APPICON_NAME = AppIcon;
				ASSETCATALOG_COMPILER_GLOBAL_ACCENT_COLOR_NAME = AccentColor;
				CODE_SIGN_STYLE = Automatic;
				CURRENT_PROJECT_VERSION = 1;
				DEVELOPMENT_ASSET_PATHS = "\"Network Layer Example/Preview Content\"";
				DEVELOPMENT_TEAM = 5QJLL8HM6C;
				ENABLE_PREVIEWS = YES;
				GENERATE_INFOPLIST_FILE = YES;
				INFOPLIST_KEY_UIApplicationSceneManifest_Generation = YES;
				INFOPLIST_KEY_UIApplicationSupportsIndirectInputEvents = YES;
				INFOPLIST_KEY_UILaunchScreen_Generation = YES;
				INFOPLIST_KEY_UISupportedInterfaceOrientations_iPad = "UIInterfaceOrientationPortrait UIInterfaceOrientationPortraitUpsideDown UIInterfaceOrientationLandscapeLeft UIInterfaceOrientationLandscapeRight";
				INFOPLIST_KEY_UISupportedInterfaceOrientations_iPhone = "UIInterfaceOrientationPortrait UIInterfaceOrientationLandscapeLeft UIInterfaceOrientationLandscapeRight";
				LD_RUNPATH_SEARCH_PATHS = (
					"$(inherited)",
					"@executable_path/Frameworks",
				);
				MARKETING_VERSION = 1.0;
				PRODUCT_BUNDLE_IDENTIFIER = "com.unicorndonkey.Network-Layer-Example";
				PRODUCT_NAME = "$(TARGET_NAME)";
				SWIFT_EMIT_LOC_STRINGS = YES;
				SWIFT_VERSION = 5.0;
				TARGETED_DEVICE_FAMILY = "1,2";
			};
			name = Debug;
		};
		99311E1B2B74047900F771AD /* Release */ = {
			isa = XCBuildConfiguration;
			buildSettings = {
				ASSETCATALOG_COMPILER_APPICON_NAME = AppIcon;
				ASSETCATALOG_COMPILER_GLOBAL_ACCENT_COLOR_NAME = AccentColor;
				CODE_SIGN_STYLE = Automatic;
				CURRENT_PROJECT_VERSION = 1;
				DEVELOPMENT_ASSET_PATHS = "\"Network Layer Example/Preview Content\"";
				DEVELOPMENT_TEAM = 5QJLL8HM6C;
				ENABLE_PREVIEWS = YES;
				GENERATE_INFOPLIST_FILE = YES;
				INFOPLIST_KEY_UIApplicationSceneManifest_Generation = YES;
				INFOPLIST_KEY_UIApplicationSupportsIndirectInputEvents = YES;
				INFOPLIST_KEY_UILaunchScreen_Generation = YES;
				INFOPLIST_KEY_UISupportedInterfaceOrientations_iPad = "UIInterfaceOrientationPortrait UIInterfaceOrientationPortraitUpsideDown UIInterfaceOrientationLandscapeLeft UIInterfaceOrientationLandscapeRight";
				INFOPLIST_KEY_UISupportedInterfaceOrientations_iPhone = "UIInterfaceOrientationPortrait UIInterfaceOrientationLandscapeLeft UIInterfaceOrientationLandscapeRight";
				LD_RUNPATH_SEARCH_PATHS = (
					"$(inherited)",
					"@executable_path/Frameworks",
				);
				MARKETING_VERSION = 1.0;
				PRODUCT_BUNDLE_IDENTIFIER = "com.unicorndonkey.Network-Layer-Example";
				PRODUCT_NAME = "$(TARGET_NAME)";
				SWIFT_EMIT_LOC_STRINGS = YES;
				SWIFT_VERSION = 5.0;
				TARGETED_DEVICE_FAMILY = "1,2";
			};
			name = Release;
		};
/* End XCBuildConfiguration section */

/* Begin XCConfigurationList section */
		99311E062B74047800F771AD /* Build configuration list for PBXProject "Network Layer Example" */ = {
			isa = XCConfigurationList;
			buildConfigurations = (
				99311E172B74047900F771AD /* Debug */,
				99311E182B74047900F771AD /* Release */,
			);
			defaultConfigurationIsVisible = 0;
			defaultConfigurationName = Release;
		};
		99311E192B74047900F771AD /* Build configuration list for PBXNativeTarget "Network Layer Example" */ = {
			isa = XCConfigurationList;
			buildConfigurations = (
				99311E1A2B74047900F771AD /* Debug */,
				99311E1B2B74047900F771AD /* Release */,
			);
			defaultConfigurationIsVisible = 0;
			defaultConfigurationName = Release;
		};
/* End XCConfigurationList section */
	};
	rootObject = 99311E032B74047800F771AD /* Project object */;
}
